
Microsoft Visual Studio Solution File, Format Version 12.00
# Visual Studio Version 17
VisualStudioVersion = 17.1.32210.238
MinimumVisualStudioVersion = 10.0.40219.1
Project("{9A19103F-16F7-4668-BE54-9A1E7A4F7556}") = "Exam_ReceiptGenerator", "Exam_ReceiptGenerator.csproj", "{38C1797C-BC99-4716-83AA-3FA1F8F1A75F}"
EndProject
Project("{2150E333-8FDC-42A3-9474-1A3956D46DE8}") = "ClassModels", "ClassModels", "{165B3C19-6FD8-4C7B-AEF9-5A505E9077B6}"
	ProjectSection(SolutionItems) = preProject
		Item.cs = Item.cs
		Order.cs = Order.cs
		OrderItem.cs = OrderItem.cs
	EndProjectSection
EndProject
Project("{2150E333-8FDC-42A3-9474-1A3956D46DE8}") = "DataAccess", "DataAccess", "{705E0144-C840-4189-AF05-BF0CB5263D23}"
	ProjectSection(SolutionItems) = preProject
		ItemRepository.cs = ItemRepository.cs
		OrderRepository.cs = OrderRepository.cs
	EndProjectSection
EndProject
Project("{2150E333-8FDC-42A3-9474-1A3956D46DE8}") = "Functions", "Functions", "{63FCA8E2-04B2-4095-9903-66F1CE2F221B}"
	ProjectSection(SolutionItems) = preProject
		Methods.cs = Methods.cs
	EndProjectSection
EndProject
Global
	GlobalSection(SolutionConfigurationPlatforms) = preSolution
		Debug|Any CPU = Debug|Any CPU
		Release|Any CPU = Release|Any CPU
	EndGlobalSection
	GlobalSection(ProjectConfigurationPlatforms) = postSolution
		{38C1797C-BC99-4716-83AA-3FA1F8F1A75F}.Debug|Any CPU.ActiveCfg = Debug|Any CPU
		{38C1797C-BC99-4716-83AA-3FA1F8F1A75F}.Debug|Any CPU.Build.0 = Debug|Any CPU
		{38C1797C-BC99-4716-83AA-3FA1F8F1A75F}.Release|Any CPU.ActiveCfg = Release|Any CPU
		{38C1797C-BC99-4716-83AA-3FA1F8F1A75F}.Release|Any CPU.Build.0 = Release|Any CPU
	EndGlobalSection
	GlobalSection(SolutionProperties) = preSolution
		HideSolutionNode = FALSE
	EndGlobalSection
	GlobalSection(ExtensibilityGlobals) = postSolution
		SolutionGuid = {292F9F90-2B23-4449-91CD-BC6FB66B1F26}
	EndGlobalSection
EndGlobal
